
Microsoft Visual Studio Solution File, Format Version 12.00
# Visual Studio Version 17
VisualStudioVersion = 17.2.32422.2
MinimumVisualStudioVersion = 10.0.40219.1
Project("{9A19103F-16F7-4668-BE54-9A1E7A4F7556}") = "PointlessWaymarks.CmsContentEditor", "PointlessWaymarks.CmsContentEditor\PointlessWaymarks.CmsContentEditor.csproj", "{1FC8E8BF-621B-4753-A835-5E6FE0DFB4FD}"
EndProject
Project("{9A19103F-16F7-4668-BE54-9A1E7A4F7556}") = "PointlessWaymarks.CmsWpfControls", "PointlessWaymarks.CmsWpfControls\PointlessWaymarks.CmsWpfControls.csproj", "{2BC402E1-A1FB-4C85-98AC-41BAD165C14E}"
EndProject
Project("{9A19103F-16F7-4668-BE54-9A1E7A4F7556}") = "PointlessWaymarks.CmsData", "PointlessWaymarks.CmsData\PointlessWaymarks.CmsData.csproj", "{95AD6B7B-0764-4707-A778-B8D3AC070D10}"
EndProject
Project("{9A19103F-16F7-4668-BE54-9A1E7A4F7556}") = "PointlessWaymarks.CmsTests", "PointlessWaymarks.CmsTests\PointlessWaymarks.CmsTests.csproj", "{3C9709B9-F0FF-452B-9E4A-2A125B1806AE}"
EndProject
Project("{9A19103F-16F7-4668-BE54-9A1E7A4F7556}") = "PointlessWaymarks.PressSharper", "PointlessWaymarks.PressSharper\PressSharper\PointlessWaymarks.PressSharper.csproj", "{7E1D736B-F2B5-4E13-8D96-C972FC9344E1}"
EndProject
Project("{9A19103F-16F7-4668-BE54-9A1E7A4F7556}") = "PointlessWaymarks.PressSharper.UnitTests", "PointlessWaymarks.PressSharper.UnitTests\PointlessWaymarks.PressSharper.UnitTests.csproj", "{A9BB501C-E170-460C-A815-EEF0C5AB632F}"
EndProject
Project("{9A19103F-16F7-4668-BE54-9A1E7A4F7556}") = "PointlessWaymarks.WpfCommon", "PointlessWaymarks.WpfCommon\PointlessWaymarks.WpfCommon.csproj", "{510C25C0-8FA8-4323-9B5D-042C637A382F}"
EndProject
Project("{2150E333-8FDC-42A3-9474-1A3956D46DE8}") = "Solution Items", "Solution Items", "{92A969F8-6B12-41B2-B393-C87402CCF53D}"
	ProjectSection(SolutionItems) = preProject
		.editorconfig = .editorconfig
		DevNotes.md = DevNotes.md
		Directory.Build.props = Directory.Build.props
		global.json = global.json
		README.md = README.md
	EndProjectSection
EndProject
Project("{9A19103F-16F7-4668-BE54-9A1E7A4F7556}") = "PointlessWaymarks.ExcelInteropExtensions", "PointlessWaymarks.ExcelInteropExtensions\PointlessWaymarks.ExcelInteropExtensions.csproj", "{08337AB5-00B2-449D-8E64-1525E1F50CEE}"
EndProject
Project("{9A19103F-16F7-4668-BE54-9A1E7A4F7556}") = "PointlessWaymarks.LocalViewer", "PointlessWaymarks.LocalViewer\PointlessWaymarks.LocalViewer.csproj", "{C913970C-2489-402D-9F3A-08F0BE806F6A}"
EndProject
Project("{9A19103F-16F7-4668-BE54-9A1E7A4F7556}") = "PointlessWaymarks.Task.MemoriesEmail", "PointlessWaymarks.Task.MemoriesEmail\PointlessWaymarks.Task.MemoriesEmail.csproj", "{057D3F70-A452-4FCE-B9FC-90E0D9F8592A}"
EndProject
Project("{9A19103F-16F7-4668-BE54-9A1E7A4F7556}") = "PointlessWaymarks.Task.GarminConnectGpxImport", "PointlessWaymarks.Task.GpxImport\PointlessWaymarks.Task.GarminConnectGpxImport.csproj", "{05C70B49-DF03-4ABA-A92D-124EF63A2F3E}"
EndProject
Project("{9A19103F-16F7-4668-BE54-9A1E7A4F7556}") = "PointlessWaymarks.FeatureIntersectionTags", "PointlessWaymarks.FeatureIntersectionTags\PointlessWaymarks.FeatureIntersectionTags.csproj", "{83CAE91D-FE3E-4853-BB68-6A4A5E7742F7}"
EndProject
Project("{9A19103F-16F7-4668-BE54-9A1E7A4F7556}") = "PointlessWaymarks.SpatialTools", "PointlessWaymarks.SpatialTools\PointlessWaymarks.SpatialTools.csproj", "{CD620C67-0C5F-45AB-91C8-02A4D7C45152}"
EndProject
Project("{FAE04EC0-301F-11D3-BF4B-00C04F79EFBC}") = "PointlessWaymarks.LoggingTools", "PointlessWaymarks.LoggingTools\PointlessWaymarks.LoggingTools.csproj", "{A4009BB0-DEB5-4FB2-B62E-834054F77362}"
EndProject
Global
	GlobalSection(SolutionConfigurationPlatforms) = preSolution
		Debug|x64 = Debug|x64
		Release|x64 = Release|x64
	EndGlobalSection
	GlobalSection(ProjectConfigurationPlatforms) = postSolution
		{1FC8E8BF-621B-4753-A835-5E6FE0DFB4FD}.Debug|x64.ActiveCfg = Debug|x64
		{1FC8E8BF-621B-4753-A835-5E6FE0DFB4FD}.Debug|x64.Build.0 = Debug|x64
		{1FC8E8BF-621B-4753-A835-5E6FE0DFB4FD}.Release|x64.ActiveCfg = Release|x64
		{1FC8E8BF-621B-4753-A835-5E6FE0DFB4FD}.Release|x64.Build.0 = Release|x64
		{2BC402E1-A1FB-4C85-98AC-41BAD165C14E}.Debug|x64.ActiveCfg = Debug|x64
		{2BC402E1-A1FB-4C85-98AC-41BAD165C14E}.Debug|x64.Build.0 = Debug|x64
		{2BC402E1-A1FB-4C85-98AC-41BAD165C14E}.Release|x64.ActiveCfg = Release|x64
		{2BC402E1-A1FB-4C85-98AC-41BAD165C14E}.Release|x64.Build.0 = Release|x64
		{95AD6B7B-0764-4707-A778-B8D3AC070D10}.Debug|x64.ActiveCfg = Debug|x64
		{95AD6B7B-0764-4707-A778-B8D3AC070D10}.Debug|x64.Build.0 = Debug|x64
		{95AD6B7B-0764-4707-A778-B8D3AC070D10}.Release|x64.ActiveCfg = Release|x64
		{95AD6B7B-0764-4707-A778-B8D3AC070D10}.Release|x64.Build.0 = Release|x64
		{3C9709B9-F0FF-452B-9E4A-2A125B1806AE}.Debug|x64.ActiveCfg = Debug|x64
		{3C9709B9-F0FF-452B-9E4A-2A125B1806AE}.Debug|x64.Build.0 = Debug|x64
		{3C9709B9-F0FF-452B-9E4A-2A125B1806AE}.Release|x64.ActiveCfg = Release|x64
		{3C9709B9-F0FF-452B-9E4A-2A125B1806AE}.Release|x64.Build.0 = Release|x64
		{7E1D736B-F2B5-4E13-8D96-C972FC9344E1}.Debug|x64.ActiveCfg = Debug|x64
		{7E1D736B-F2B5-4E13-8D96-C972FC9344E1}.Debug|x64.Build.0 = Debug|x64
		{7E1D736B-F2B5-4E13-8D96-C972FC9344E1}.Release|x64.ActiveCfg = Release|x64
		{7E1D736B-F2B5-4E13-8D96-C972FC9344E1}.Release|x64.Build.0 = Release|x64
		{A9BB501C-E170-460C-A815-EEF0C5AB632F}.Debug|x64.ActiveCfg = Debug|x64
		{A9BB501C-E170-460C-A815-EEF0C5AB632F}.Debug|x64.Build.0 = Debug|x64
		{A9BB501C-E170-460C-A815-EEF0C5AB632F}.Release|x64.ActiveCfg = Release|x64
		{A9BB501C-E170-460C-A815-EEF0C5AB632F}.Release|x64.Build.0 = Release|x64
		{510C25C0-8FA8-4323-9B5D-042C637A382F}.Debug|x64.ActiveCfg = Debug|x64
		{510C25C0-8FA8-4323-9B5D-042C637A382F}.Debug|x64.Build.0 = Debug|x64
		{510C25C0-8FA8-4323-9B5D-042C637A382F}.Release|x64.ActiveCfg = Release|x64
		{510C25C0-8FA8-4323-9B5D-042C637A382F}.Release|x64.Build.0 = Release|x64
		{08337AB5-00B2-449D-8E64-1525E1F50CEE}.Debug|x64.ActiveCfg = Debug|x64
		{08337AB5-00B2-449D-8E64-1525E1F50CEE}.Debug|x64.Build.0 = Debug|x64
		{08337AB5-00B2-449D-8E64-1525E1F50CEE}.Release|x64.ActiveCfg = Release|x64
		{08337AB5-00B2-449D-8E64-1525E1F50CEE}.Release|x64.Build.0 = Release|x64
		{C913970C-2489-402D-9F3A-08F0BE806F6A}.Debug|x64.ActiveCfg = Debug|x64
		{C913970C-2489-402D-9F3A-08F0BE806F6A}.Debug|x64.Build.0 = Debug|x64
		{C913970C-2489-402D-9F3A-08F0BE806F6A}.Release|x64.ActiveCfg = Release|x64
		{C913970C-2489-402D-9F3A-08F0BE806F6A}.Release|x64.Build.0 = Release|x64
		{057D3F70-A452-4FCE-B9FC-90E0D9F8592A}.Debug|x64.ActiveCfg = Debug|x64
		{057D3F70-A452-4FCE-B9FC-90E0D9F8592A}.Debug|x64.Build.0 = Debug|x64
		{057D3F70-A452-4FCE-B9FC-90E0D9F8592A}.Release|x64.ActiveCfg = Release|x64
		{057D3F70-A452-4FCE-B9FC-90E0D9F8592A}.Release|x64.Build.0 = Release|x64
		{05C70B49-DF03-4ABA-A92D-124EF63A2F3E}.Debug|x64.ActiveCfg = Debug|x64
		{05C70B49-DF03-4ABA-A92D-124EF63A2F3E}.Debug|x64.Build.0 = Debug|x64
		{05C70B49-DF03-4ABA-A92D-124EF63A2F3E}.Release|x64.ActiveCfg = Release|x64
		{05C70B49-DF03-4ABA-A92D-124EF63A2F3E}.Release|x64.Build.0 = Release|x64
		{83CAE91D-FE3E-4853-BB68-6A4A5E7742F7}.Debug|x64.ActiveCfg = Debug|x64
		{83CAE91D-FE3E-4853-BB68-6A4A5E7742F7}.Debug|x64.Build.0 = Debug|x64
		{83CAE91D-FE3E-4853-BB68-6A4A5E7742F7}.Release|x64.ActiveCfg = Release|x64
		{83CAE91D-FE3E-4853-BB68-6A4A5E7742F7}.Release|x64.Build.0 = Release|x64
		{CD620C67-0C5F-45AB-91C8-02A4D7C45152}.Debug|x64.ActiveCfg = Debug|x64
		{CD620C67-0C5F-45AB-91C8-02A4D7C45152}.Debug|x64.Build.0 = Debug|x64
		{CD620C67-0C5F-45AB-91C8-02A4D7C45152}.Release|x64.ActiveCfg = Release|x64
		{CD620C67-0C5F-45AB-91C8-02A4D7C45152}.Release|x64.Build.0 = Release|x64
		{A4009BB0-DEB5-4FB2-B62E-834054F77362}.Debug|x64.ActiveCfg = Debug|x64
		{A4009BB0-DEB5-4FB2-B62E-834054F77362}.Debug|x64.Build.0 = Debug|x64
		{A4009BB0-DEB5-4FB2-B62E-834054F77362}.Release|x64.ActiveCfg = Release|x64
		{A4009BB0-DEB5-4FB2-B62E-834054F77362}.Release|x64.Build.0 = Release|x64
	EndGlobalSection
	GlobalSection(SolutionProperties) = preSolution
		HideSolutionNode = FALSE
	EndGlobalSection
	GlobalSection(ExtensibilityGlobals) = postSolution
		SolutionGuid = {75AFFEC9-7D18-4CFC-B893-5FA77C6942C8}
	EndGlobalSection
EndGlobal
