
Microsoft Visual Studio Solution File, Format Version 12.00
# Visual Studio Version 16
VisualStudioVersion = 16.0.29230.61
MinimumVisualStudioVersion = 10.0.40219.1
Project("{9A19103F-16F7-4668-BE54-9A1E7A4F7556}") = "PointlessWaymarksCmsContentEditor", "PointlessWaymarksCmsContentEditor\PointlessWaymarksCmsContentEditor.csproj", "{1FC8E8BF-621B-4753-A835-5E6FE0DFB4FD}"
EndProject
Project("{9A19103F-16F7-4668-BE54-9A1E7A4F7556}") = "PointlessWaymarksCmsWpfControls", "PointlessWaymarksCmsWpfControls\PointlessWaymarksCmsWpfControls.csproj", "{2BC402E1-A1FB-4C85-98AC-41BAD165C14E}"
EndProject
Project("{9A19103F-16F7-4668-BE54-9A1E7A4F7556}") = "PointlessWaymarksCmsData", "PointlessWaymarksCmsData\PointlessWaymarksCmsData.csproj", "{95AD6B7B-0764-4707-A778-B8D3AC070D10}"
EndProject
Project("{9A19103F-16F7-4668-BE54-9A1E7A4F7556}") = "PointlessWaymarksTests", "PointlessWaymarksTests\PointlessWaymarksTests.csproj", "{3C9709B9-F0FF-452B-9E4A-2A125B1806AE}"
EndProject
Global
	GlobalSection(SolutionConfigurationPlatforms) = preSolution
		Debug|Any CPU = Debug|Any CPU
		Debug|ARM = Debug|ARM
		Debug|ARM64 = Debug|ARM64
		Debug|x64 = Debug|x64
		Debug|x86 = Debug|x86
		Release|Any CPU = Release|Any CPU
		Release|ARM = Release|ARM
		Release|ARM64 = Release|ARM64
		Release|x64 = Release|x64
		Release|x86 = Release|x86
	EndGlobalSection
	GlobalSection(ProjectConfigurationPlatforms) = postSolution
		{1FC8E8BF-621B-4753-A835-5E6FE0DFB4FD}.Debug|Any CPU.ActiveCfg = Debug|Any CPU
		{1FC8E8BF-621B-4753-A835-5E6FE0DFB4FD}.Debug|Any CPU.Build.0 = Debug|Any CPU
		{1FC8E8BF-621B-4753-A835-5E6FE0DFB4FD}.Debug|ARM.ActiveCfg = Debug|Any CPU
		{1FC8E8BF-621B-4753-A835-5E6FE0DFB4FD}.Debug|ARM.Build.0 = Debug|Any CPU
		{1FC8E8BF-621B-4753-A835-5E6FE0DFB4FD}.Debug|ARM64.ActiveCfg = Debug|Any CPU
		{1FC8E8BF-621B-4753-A835-5E6FE0DFB4FD}.Debug|ARM64.Build.0 = Debug|Any CPU
		{1FC8E8BF-621B-4753-A835-5E6FE0DFB4FD}.Debug|x64.ActiveCfg = Debug|Any CPU
		{1FC8E8BF-621B-4753-A835-5E6FE0DFB4FD}.Debug|x64.Build.0 = Debug|Any CPU
		{1FC8E8BF-621B-4753-A835-5E6FE0DFB4FD}.Debug|x86.ActiveCfg = Debug|Any CPU
		{1FC8E8BF-621B-4753-A835-5E6FE0DFB4FD}.Debug|x86.Build.0 = Debug|Any CPU
		{1FC8E8BF-621B-4753-A835-5E6FE0DFB4FD}.Release|Any CPU.ActiveCfg = Release|Any CPU
		{1FC8E8BF-621B-4753-A835-5E6FE0DFB4FD}.Release|Any CPU.Build.0 = Release|Any CPU
		{1FC8E8BF-621B-4753-A835-5E6FE0DFB4FD}.Release|ARM.ActiveCfg = Release|Any CPU
		{1FC8E8BF-621B-4753-A835-5E6FE0DFB4FD}.Release|ARM.Build.0 = Release|Any CPU
		{1FC8E8BF-621B-4753-A835-5E6FE0DFB4FD}.Release|ARM64.ActiveCfg = Release|Any CPU
		{1FC8E8BF-621B-4753-A835-5E6FE0DFB4FD}.Release|ARM64.Build.0 = Release|Any CPU
		{1FC8E8BF-621B-4753-A835-5E6FE0DFB4FD}.Release|x64.ActiveCfg = Release|Any CPU
		{1FC8E8BF-621B-4753-A835-5E6FE0DFB4FD}.Release|x64.Build.0 = Release|Any CPU
		{1FC8E8BF-621B-4753-A835-5E6FE0DFB4FD}.Release|x86.ActiveCfg = Release|Any CPU
		{1FC8E8BF-621B-4753-A835-5E6FE0DFB4FD}.Release|x86.Build.0 = Release|Any CPU
		{2BC402E1-A1FB-4C85-98AC-41BAD165C14E}.Debug|Any CPU.ActiveCfg = Debug|Any CPU
		{2BC402E1-A1FB-4C85-98AC-41BAD165C14E}.Debug|Any CPU.Build.0 = Debug|Any CPU
		{2BC402E1-A1FB-4C85-98AC-41BAD165C14E}.Debug|ARM.ActiveCfg = Debug|Any CPU
		{2BC402E1-A1FB-4C85-98AC-41BAD165C14E}.Debug|ARM.Build.0 = Debug|Any CPU
		{2BC402E1-A1FB-4C85-98AC-41BAD165C14E}.Debug|ARM64.ActiveCfg = Debug|Any CPU
		{2BC402E1-A1FB-4C85-98AC-41BAD165C14E}.Debug|ARM64.Build.0 = Debug|Any CPU
		{2BC402E1-A1FB-4C85-98AC-41BAD165C14E}.Debug|x64.ActiveCfg = Debug|Any CPU
		{2BC402E1-A1FB-4C85-98AC-41BAD165C14E}.Debug|x64.Build.0 = Debug|Any CPU
		{2BC402E1-A1FB-4C85-98AC-41BAD165C14E}.Debug|x86.ActiveCfg = Debug|Any CPU
		{2BC402E1-A1FB-4C85-98AC-41BAD165C14E}.Debug|x86.Build.0 = Debug|Any CPU
		{2BC402E1-A1FB-4C85-98AC-41BAD165C14E}.Release|Any CPU.ActiveCfg = Release|Any CPU
		{2BC402E1-A1FB-4C85-98AC-41BAD165C14E}.Release|Any CPU.Build.0 = Release|Any CPU
		{2BC402E1-A1FB-4C85-98AC-41BAD165C14E}.Release|ARM.ActiveCfg = Release|Any CPU
		{2BC402E1-A1FB-4C85-98AC-41BAD165C14E}.Release|ARM.Build.0 = Release|Any CPU
		{2BC402E1-A1FB-4C85-98AC-41BAD165C14E}.Release|ARM64.ActiveCfg = Release|Any CPU
		{2BC402E1-A1FB-4C85-98AC-41BAD165C14E}.Release|ARM64.Build.0 = Release|Any CPU
		{2BC402E1-A1FB-4C85-98AC-41BAD165C14E}.Release|x64.ActiveCfg = Release|Any CPU
		{2BC402E1-A1FB-4C85-98AC-41BAD165C14E}.Release|x64.Build.0 = Release|Any CPU
		{2BC402E1-A1FB-4C85-98AC-41BAD165C14E}.Release|x86.ActiveCfg = Release|Any CPU
		{2BC402E1-A1FB-4C85-98AC-41BAD165C14E}.Release|x86.Build.0 = Release|Any CPU
		{95AD6B7B-0764-4707-A778-B8D3AC070D10}.Debug|Any CPU.ActiveCfg = Debug|Any CPU
		{95AD6B7B-0764-4707-A778-B8D3AC070D10}.Debug|Any CPU.Build.0 = Debug|Any CPU
		{95AD6B7B-0764-4707-A778-B8D3AC070D10}.Debug|ARM.ActiveCfg = Debug|Any CPU
		{95AD6B7B-0764-4707-A778-B8D3AC070D10}.Debug|ARM.Build.0 = Debug|Any CPU
		{95AD6B7B-0764-4707-A778-B8D3AC070D10}.Debug|ARM64.ActiveCfg = Debug|Any CPU
		{95AD6B7B-0764-4707-A778-B8D3AC070D10}.Debug|ARM64.Build.0 = Debug|Any CPU
		{95AD6B7B-0764-4707-A778-B8D3AC070D10}.Debug|x64.ActiveCfg = Debug|Any CPU
		{95AD6B7B-0764-4707-A778-B8D3AC070D10}.Debug|x64.Build.0 = Debug|Any CPU
		{95AD6B7B-0764-4707-A778-B8D3AC070D10}.Debug|x86.ActiveCfg = Debug|Any CPU
		{95AD6B7B-0764-4707-A778-B8D3AC070D10}.Debug|x86.Build.0 = Debug|Any CPU
		{95AD6B7B-0764-4707-A778-B8D3AC070D10}.Release|Any CPU.ActiveCfg = Release|Any CPU
		{95AD6B7B-0764-4707-A778-B8D3AC070D10}.Release|Any CPU.Build.0 = Release|Any CPU
		{95AD6B7B-0764-4707-A778-B8D3AC070D10}.Release|ARM.ActiveCfg = Release|Any CPU
		{95AD6B7B-0764-4707-A778-B8D3AC070D10}.Release|ARM.Build.0 = Release|Any CPU
		{95AD6B7B-0764-4707-A778-B8D3AC070D10}.Release|ARM64.ActiveCfg = Release|Any CPU
		{95AD6B7B-0764-4707-A778-B8D3AC070D10}.Release|ARM64.Build.0 = Release|Any CPU
		{95AD6B7B-0764-4707-A778-B8D3AC070D10}.Release|x64.ActiveCfg = Release|Any CPU
		{95AD6B7B-0764-4707-A778-B8D3AC070D10}.Release|x64.Build.0 = Release|Any CPU
		{95AD6B7B-0764-4707-A778-B8D3AC070D10}.Release|x86.ActiveCfg = Release|Any CPU
		{95AD6B7B-0764-4707-A778-B8D3AC070D10}.Release|x86.Build.0 = Release|Any CPU
		{3C9709B9-F0FF-452B-9E4A-2A125B1806AE}.Debug|Any CPU.ActiveCfg = Debug|Any CPU
		{3C9709B9-F0FF-452B-9E4A-2A125B1806AE}.Debug|Any CPU.Build.0 = Debug|Any CPU
		{3C9709B9-F0FF-452B-9E4A-2A125B1806AE}.Debug|ARM.ActiveCfg = Debug|Any CPU
		{3C9709B9-F0FF-452B-9E4A-2A125B1806AE}.Debug|ARM.Build.0 = Debug|Any CPU
		{3C9709B9-F0FF-452B-9E4A-2A125B1806AE}.Debug|ARM64.ActiveCfg = Debug|Any CPU
		{3C9709B9-F0FF-452B-9E4A-2A125B1806AE}.Debug|ARM64.Build.0 = Debug|Any CPU
		{3C9709B9-F0FF-452B-9E4A-2A125B1806AE}.Debug|x64.ActiveCfg = Debug|Any CPU
		{3C9709B9-F0FF-452B-9E4A-2A125B1806AE}.Debug|x64.Build.0 = Debug|Any CPU
		{3C9709B9-F0FF-452B-9E4A-2A125B1806AE}.Debug|x86.ActiveCfg = Debug|Any CPU
		{3C9709B9-F0FF-452B-9E4A-2A125B1806AE}.Debug|x86.Build.0 = Debug|Any CPU
		{3C9709B9-F0FF-452B-9E4A-2A125B1806AE}.Release|Any CPU.ActiveCfg = Release|Any CPU
		{3C9709B9-F0FF-452B-9E4A-2A125B1806AE}.Release|Any CPU.Build.0 = Release|Any CPU
		{3C9709B9-F0FF-452B-9E4A-2A125B1806AE}.Release|ARM.ActiveCfg = Release|Any CPU
		{3C9709B9-F0FF-452B-9E4A-2A125B1806AE}.Release|ARM.Build.0 = Release|Any CPU
		{3C9709B9-F0FF-452B-9E4A-2A125B1806AE}.Release|ARM64.ActiveCfg = Release|Any CPU
		{3C9709B9-F0FF-452B-9E4A-2A125B1806AE}.Release|ARM64.Build.0 = Release|Any CPU
		{3C9709B9-F0FF-452B-9E4A-2A125B1806AE}.Release|x64.ActiveCfg = Release|Any CPU
		{3C9709B9-F0FF-452B-9E4A-2A125B1806AE}.Release|x64.Build.0 = Release|Any CPU
		{3C9709B9-F0FF-452B-9E4A-2A125B1806AE}.Release|x86.ActiveCfg = Release|Any CPU
		{3C9709B9-F0FF-452B-9E4A-2A125B1806AE}.Release|x86.Build.0 = Release|Any CPU
	EndGlobalSection
	GlobalSection(SolutionProperties) = preSolution
		HideSolutionNode = FALSE
	EndGlobalSection
	GlobalSection(ExtensibilityGlobals) = postSolution
		SolutionGuid = {75AFFEC9-7D18-4CFC-B893-5FA77C6942C8}
	EndGlobalSection
EndGlobal
