
Microsoft Visual Studio Solution File, Format Version 12.00
# Visual Studio Version 16
VisualStudioVersion = 16.0.29230.61
MinimumVisualStudioVersion = 10.0.40219.1
Project("{9A19103F-16F7-4668-BE54-9A1E7A4F7556}") = "TheLemmonWorkshopContentEditor", "TheLemmonWorkshopContentEditor\TheLemmonWorkshopContentEditor.csproj", "{1FC8E8BF-621B-4753-A835-5E6FE0DFB4FD}"
EndProject
Project("{9A19103F-16F7-4668-BE54-9A1E7A4F7556}") = "TheLemmonWorkshopWpfControls", "TheLemmonWorkshopWpfControls\TheLemmonWorkshopWpfControls.csproj", "{2BC402E1-A1FB-4C85-98AC-41BAD165C14E}"
EndProject
Project("{9A19103F-16F7-4668-BE54-9A1E7A4F7556}") = "TheLemmonWorkshopData", "TheLemmonWorkshopData\TheLemmonWorkshopData.csproj", "{95AD6B7B-0764-4707-A778-B8D3AC070D10}"
EndProject
Global
	GlobalSection(SolutionConfigurationPlatforms) = preSolution
		Debug|Any CPU = Debug|Any CPU
		Release|Any CPU = Release|Any CPU
	EndGlobalSection
	GlobalSection(ProjectConfigurationPlatforms) = postSolution
		{1FC8E8BF-621B-4753-A835-5E6FE0DFB4FD}.Debug|Any CPU.ActiveCfg = Debug|Any CPU
		{1FC8E8BF-621B-4753-A835-5E6FE0DFB4FD}.Debug|Any CPU.Build.0 = Debug|Any CPU
		{1FC8E8BF-621B-4753-A835-5E6FE0DFB4FD}.Release|Any CPU.ActiveCfg = Release|Any CPU
		{1FC8E8BF-621B-4753-A835-5E6FE0DFB4FD}.Release|Any CPU.Build.0 = Release|Any CPU
		{2BC402E1-A1FB-4C85-98AC-41BAD165C14E}.Debug|Any CPU.ActiveCfg = Debug|Any CPU
		{2BC402E1-A1FB-4C85-98AC-41BAD165C14E}.Debug|Any CPU.Build.0 = Debug|Any CPU
		{2BC402E1-A1FB-4C85-98AC-41BAD165C14E}.Release|Any CPU.ActiveCfg = Release|Any CPU
		{2BC402E1-A1FB-4C85-98AC-41BAD165C14E}.Release|Any CPU.Build.0 = Release|Any CPU
		{95AD6B7B-0764-4707-A778-B8D3AC070D10}.Debug|Any CPU.ActiveCfg = Debug|Any CPU
		{95AD6B7B-0764-4707-A778-B8D3AC070D10}.Debug|Any CPU.Build.0 = Debug|Any CPU
		{95AD6B7B-0764-4707-A778-B8D3AC070D10}.Release|Any CPU.ActiveCfg = Release|Any CPU
		{95AD6B7B-0764-4707-A778-B8D3AC070D10}.Release|Any CPU.Build.0 = Release|Any CPU
	EndGlobalSection
	GlobalSection(SolutionProperties) = preSolution
		HideSolutionNode = FALSE
	EndGlobalSection
	GlobalSection(ExtensibilityGlobals) = postSolution
		SolutionGuid = {75AFFEC9-7D18-4CFC-B893-5FA77C6942C8}
	EndGlobalSection
EndGlobal
